
Microsoft Visual Studio Solution File, Format Version 12.00
Project("{FAE04EC0-301F-11D3-BF4B-00C04F79EFBC}") = "SW.Scheduler.Sdk", "SW.Scheduler.Sdk\SW.Scheduler.Sdk.csproj", "{77C98BB9-3B5F-42C4-9874-A385B10D00E0}"
EndProject
Project("{FAE04EC0-301F-11D3-BF4B-00C04F79EFBC}") = "SW.Scheduler.Web", "SW.Scheduler.Web\SW.Scheduler.Web.csproj", "{7F68AC57-6C4E-4DE3-B17A-D8962F56B00E}"
EndProject
Global
	GlobalSection(SolutionConfigurationPlatforms) = preSolution
		Debug|Any CPU = Debug|Any CPU
		Release|Any CPU = Release|Any CPU
	EndGlobalSection
	GlobalSection(ProjectConfigurationPlatforms) = postSolution
		{77C98BB9-3B5F-42C4-9874-A385B10D00E0}.Debug|Any CPU.ActiveCfg = Debug|Any CPU
		{77C98BB9-3B5F-42C4-9874-A385B10D00E0}.Debug|Any CPU.Build.0 = Debug|Any CPU
		{77C98BB9-3B5F-42C4-9874-A385B10D00E0}.Release|Any CPU.ActiveCfg = Release|Any CPU
		{77C98BB9-3B5F-42C4-9874-A385B10D00E0}.Release|Any CPU.Build.0 = Release|Any CPU
		{7F68AC57-6C4E-4DE3-B17A-D8962F56B00E}.Debug|Any CPU.ActiveCfg = Debug|Any CPU
		{7F68AC57-6C4E-4DE3-B17A-D8962F56B00E}.Debug|Any CPU.Build.0 = Debug|Any CPU
		{7F68AC57-6C4E-4DE3-B17A-D8962F56B00E}.Release|Any CPU.ActiveCfg = Release|Any CPU
		{7F68AC57-6C4E-4DE3-B17A-D8962F56B00E}.Release|Any CPU.Build.0 = Release|Any CPU
	EndGlobalSection
EndGlobal
